<?xml version="1.0" encoding="utf-8"?>
<Project ToolsVersion="4.0" xmlns="http://schemas.microsoft.com/developer/msbuild/2003">
  <ItemGroup>
    <Filter Include="src">
      <UniqueIdentifier>{4FC737F1-C7A5-4376-A066-2A32D752A2FF}</UniqueIdentifier>
      <Extensions>cpp;c;cc;cxx;def;odl;idl;hpj;bat;asm;asmx</Extensions>
    </Filter>
    <Filter Include="src\components">
      <UniqueIdentifier>{c7a6e6d3-fb44-42d3-b461-9bf81521a6c5}</UniqueIdentifier>
    </Filter>
    <Filter Include="src\systems">
      <UniqueIdentifier>{83222453-6afd-4810-a186-56bb3c3082a8}</UniqueIdentifier>
    </Filter>
    <Filter Include="src\tools">
      <UniqueIdentifier>{bcc7b15d-f579-4bbd-966d-93ce50f1465f}</UniqueIdentifier>
    </Filter>
    <Filter Include="src\3rdParty">
      <UniqueIdentifier>{63ecb792-ef4d-45b7-b7b5-13c48be85436}</UniqueIdentifier>
    </Filter>
    <Filter Include="src\3rdParty\stb_image">
      <UniqueIdentifier>{9f611d57-c33e-4f67-883d-f126627eafa6}</UniqueIdentifier>
    </Filter>
    <Filter Include="src\ogl">
      <UniqueIdentifier>{0c6e7bbe-52e5-431e-aa9f-d82767a35b7b}</UniqueIdentifier>
    </Filter>
    <Filter Include="src\levels">
      <UniqueIdentifier>{ef61fe63-b136-419d-81a8-fb83a1b8420d}</UniqueIdentifier>
    </Filter>
    <Filter Include="src\levels\playground">
      <UniqueIdentifier>{829484f9-8e80-4125-8d94-7ce5ccd78b47}</UniqueIdentifier>
    </Filter>
    <Filter Include="src\ogl\buffers">
      <UniqueIdentifier>{7278c980-8a19-4601-a473-b23ac7952f20}</UniqueIdentifier>
    </Filter>
    <Filter Include="src\ogl\shaders">
      <UniqueIdentifier>{30f22744-b0df-4d96-a79d-41648fcbe4bc}</UniqueIdentifier>
    </Filter>
    <Filter Include="src\ogl\shaders\basic">
      <UniqueIdentifier>{326dee5c-236d-4bf2-972c-294c63459962}</UniqueIdentifier>
    </Filter>
    <Filter Include="src\ogl\shaders\julia">
      <UniqueIdentifier>{fc5a1d40-ed16-4d60-9c7f-6bac933fc7a9}</UniqueIdentifier>
    </Filter>
    <Filter Include="src\ogl\shaders\textured">
      <UniqueIdentifier>{a3c981c3-58ac-421a-b5d2-bc857b2d4e78}</UniqueIdentifier>
    </Filter>
    <Filter Include="src\levels\rocketball">
      <UniqueIdentifier>{5cbff223-d591-4e6d-ba63-b063038b4334}</UniqueIdentifier>
    </Filter>
    <Filter Include="src\ogl\shaders\texturedColorThreshold">
      <UniqueIdentifier>{ecbef966-6056-48cd-aef7-d6cc39c9cc82}</UniqueIdentifier>
    </Filter>
    <Filter Include="src\ogl\shaders\particles">
      <UniqueIdentifier>{92adb1c3-7dba-4c44-81d7-e0c84a0acc32}</UniqueIdentifier>
    </Filter>
    <Filter Include="src\commonTypes">
      <UniqueIdentifier>{63186fb2-8de8-482a-a71f-800c739e5cc1}</UniqueIdentifier>
    </Filter>
    <Filter Include="src\globals">
      <UniqueIdentifier>{559bc9f3-4bd9-4a0f-a00f-82fcce3231b4}</UniqueIdentifier>
    </Filter>
    <Filter Include="src\levels\gravity">
      <UniqueIdentifier>{5a636ec7-4eb2-4591-9087-b0b38b96553c}</UniqueIdentifier>
    </Filter>
    <Filter Include="src\levels\basic">
      <UniqueIdentifier>{8009aed5-acbe-41b8-a962-b8a0aab9702f}</UniqueIdentifier>
    </Filter>
    <Filter Include="src\levels\dzidzia">
      <UniqueIdentifier>{f0c0cea7-23f4-42b4-822a-13e682723901}</UniqueIdentifier>
    </Filter>
    <Filter Include="src\levels\rim">
      <UniqueIdentifier>{2c81b55e-ac93-46f5-9428-83f110d16611}</UniqueIdentifier>
    </Filter>
    <Filter Include="src\levels\dzidzia2">
      <UniqueIdentifier>{eb219852-c618-4367-a078-02059b3a9c85}</UniqueIdentifier>
    </Filter>
    <Filter Include="src\levels\fpsScalingProblems">
      <UniqueIdentifier>{3da844d4-37bc-4d1f-9231-ecfc29133109}</UniqueIdentifier>
    </Filter>
    <Filter Include="src\levels\windmill">
      <UniqueIdentifier>{739ddbe9-ae3c-49c3-8108-cca8325a0f25}</UniqueIdentifier>
    </Filter>
    <Filter Include="src\levels\squareRace">
      <UniqueIdentifier>{8c70a967-f162-4a87-b7fd-05bc26f5d915}</UniqueIdentifier>
    </Filter>
    <Filter Include="src\levels\splineTest">
      <UniqueIdentifier>{70e16033-0582-41f5-b7d2-ba0afe677c0e}</UniqueIdentifier>
    </Filter>
    <Filter Include="src\levels\raceEditor">
      <UniqueIdentifier>{f716f153-935a-4ad5-8571-126c422253dc}</UniqueIdentifier>
    </Filter>
    <Filter Include="src\levels\collisions">
      <UniqueIdentifier>{1bcdbaf5-a21d-455e-9741-bb7922ec6b67}</UniqueIdentifier>
    </Filter>
    <Filter Include="src\levels\race">
      <UniqueIdentifier>{0fb5deb0-9fb9-468f-975f-88bd92f2a103}</UniqueIdentifier>
    </Filter>
    <Filter Include="src\ogl\shaders\texturedPhong">
      <UniqueIdentifier>{8b298fac-5a0e-47ba-aae7-62a1f8c2a21c}</UniqueIdentifier>
    </Filter>
    <Filter Include="src\ogl\shaders\basicPhong">
      <UniqueIdentifier>{a942deb1-e842-4378-b93f-15f7a07fa048}</UniqueIdentifier>
    </Filter>
    <Filter Include="src\levels\basic3D">
      <UniqueIdentifier>{7d69ab14-2f0e-47b3-bdd7-a9c46f3c4e1c}</UniqueIdentifier>
    </Filter>
    <Filter Include="src\levels\firstPersonCamera">
      <UniqueIdentifier>{ca44fef8-3cd2-461e-bf2d-b640f87db4b4}</UniqueIdentifier>
    </Filter>
    <Filter Include="src\levels\crosses3D">
      <UniqueIdentifier>{55d6921d-2283-425b-9908-f60f59211aa2}</UniqueIdentifier>
    </Filter>
    <Filter Include="src\levels\crosses3DTexturing">
      <UniqueIdentifier>{da2e1738-339e-4b0f-a226-f7b3ae2d6307}</UniqueIdentifier>
    </Filter>
    <Filter Include="src\levels\crosses3DInstancing">
      <UniqueIdentifier>{ff08498f-d47c-409f-9a8b-d3c1cc88065a}</UniqueIdentifier>
    </Filter>
    <Filter Include="src\components\details">
      <UniqueIdentifier>{7ad1827c-67a2-4c91-9712-3dcd7a4d5cec}</UniqueIdentifier>
    </Filter>
    <Filter Include="src\levels\paint">
      <UniqueIdentifier>{52db7b35-0ced-4ea1-936d-a337ba96cad7}</UniqueIdentifier>
    </Filter>
  </ItemGroup>
  <ItemGroup>
    <ClCompile Include="main.cpp">
      <Filter>src</Filter>
    </ClCompile>
    <ClCompile Include="systems\physics.cpp">
      <Filter>src\systems</Filter>
    </ClCompile>
    <ClCompile Include="tools\utility.cpp">
      <Filter>src\tools</Filter>
    </ClCompile>
    <ClCompile Include="tools\b2Helpers.cpp">
      <Filter>src\tools</Filter>
    </ClCompile>
    <ClCompile Include="systems\camera.cpp">
      <Filter>src\systems</Filter>
    </ClCompile>
    <ClCompile Include="systems\textures.cpp">
      <Filter>src\systems</Filter>
    </ClCompile>
    <ClCompile Include="3rdParty\stb_image\stb_image.cpp">
      <Filter>src\3rdParty\stb_image</Filter>
    </ClCompile>
    <ClCompile Include="ogl\oglProxy.cpp">
      <Filter>src\ogl</Filter>
    </ClCompile>
    <ClCompile Include="ogl\shaders.cpp">
      <Filter>src\ogl</Filter>
    </ClCompile>
    <ClCompile Include="systems\decorations.cpp">
      <Filter>src\systems</Filter>
    </ClCompile>
    <ClCompile Include="levels\playground\playground.cpp">
      <Filter>src\levels\playground</Filter>
    </ClCompile>
    <ClCompile Include="levels\level.cpp">
      <Filter>src\levels</Filter>
    </ClCompile>
    <ClCompile Include="levels\rocketball\rocketball.cpp">
      <Filter>src\levels\rocketball</Filter>
    </ClCompile>
    <ClCompile Include="systems\stateController.cpp">
      <Filter>src\systems</Filter>
    </ClCompile>
    <ClCompile Include="ogl\oglHelpers.cpp">
      <Filter>src\ogl</Filter>
    </ClCompile>
    <ClCompile Include="tools\gameHelpers.cpp">
      <Filter>src\tools</Filter>
    </ClCompile>
    <ClCompile Include="systems\temporaries.cpp">
      <Filter>src\systems</Filter>
    </ClCompile>
    <ClCompile Include="systems\cleaner.cpp">
      <Filter>src\systems</Filter>
    </ClCompile>
    <ClCompile Include="systems\deferredActions.cpp">
      <Filter>src\systems</Filter>
    </ClCompile>
    <ClCompile Include="commonTypes\resolutionMode.cpp">
      <Filter>src\commonTypes</Filter>
    </ClCompile>
    <ClCompile Include="systems\renderingController.cpp">
      <Filter>src\systems</Filter>
    </ClCompile>
    <ClCompile Include="globals\components.cpp">
      <Filter>src\globals</Filter>
    </ClCompile>
    <ClCompile Include="globals\shaders.cpp">
      <Filter>src\globals</Filter>
    </ClCompile>
    <ClCompile Include="globals\systems.cpp">
      <Filter>src\globals</Filter>
    </ClCompile>
    <ClCompile Include="components\animatedTexture.cpp">
      <Filter>src\components</Filter>
    </ClCompile>
    <ClCompile Include="levels\gravity\gravity.cpp">
      <Filter>src\levels\gravity</Filter>
    </ClCompile>
    <ClCompile Include="ogl\buffers\genericBuffers.cpp">
      <Filter>src\ogl\buffers</Filter>
    </ClCompile>
    <ClCompile Include="systems\actors.cpp">
      <Filter>src\systems</Filter>
    </ClCompile>
    <ClCompile Include="systems\structures.cpp">
      <Filter>src\systems</Filter>
    </ClCompile>
    <ClCompile Include="ogl\uniforms.cpp">
      <Filter>src\ogl</Filter>
    </ClCompile>
    <ClCompile Include="levels\basic\basic.cpp">
      <Filter>src\levels\basic</Filter>
    </ClCompile>
    <ClCompile Include="levels\dzidzia\dzidzia.cpp">
      <Filter>src\levels\dzidzia</Filter>
    </ClCompile>
    <ClCompile Include="levels\rim\rim.cpp">
      <Filter>src\levels\rim</Filter>
    </ClCompile>
    <ClCompile Include="levels\dzidzia2\dzidzia2.cpp">
      <Filter>src\levels\dzidzia2</Filter>
    </ClCompile>
    <ClCompile Include="levels\fpsScalingProblems\fpsScalingProblems.cpp">
      <Filter>src\levels\fpsScalingProblems</Filter>
    </ClCompile>
    <ClCompile Include="levels\windmill\windmill.cpp">
      <Filter>src\levels\windmill</Filter>
    </ClCompile>
    <ClCompile Include="globals\componentIdGenerator.cpp">
      <Filter>src\globals</Filter>
    </ClCompile>
    <ClCompile Include="components\music.cpp">
      <Filter>src\components</Filter>
    </ClCompile>
    <ClCompile Include="components\sound.cpp">
      <Filter>src\components</Filter>
    </ClCompile>
    <ClCompile Include="components\soundBuffer.cpp">
      <Filter>src\components</Filter>
    </ClCompile>
    <ClCompile Include="systems\audio.cpp">
      <Filter>src\systems</Filter>
    </ClCompile>
    <ClCompile Include="tools\missilesHandler.cpp">
      <Filter>src\tools</Filter>
    </ClCompile>
    <ClCompile Include="tools\playersHandler.cpp">
      <Filter>src\tools</Filter>
    </ClCompile>
    <ClCompile Include="levels\squareRace\squareRace.cpp">
      <Filter>src\levels\squareRace</Filter>
    </ClCompile>
    <ClCompile Include="levels\splineTest\splineTest.cpp">
      <Filter>src\levels\splineTest</Filter>
    </ClCompile>
    <ClCompile Include="levels\raceEditor\raceEditor.cpp">
      <Filter>src\levels\raceEditor</Filter>
    </ClCompile>
    <ClCompile Include="levels\raceEditor\presets.cpp">
      <Filter>src\levels\raceEditor</Filter>
    </ClCompile>
    <ClCompile Include="levels\raceEditor\splinesEditing.cpp">
      <Filter>src\levels\raceEditor</Filter>
    </ClCompile>
    <ClCompile Include="levels\raceEditor\startingLineEditing.cpp">
      <Filter>src\levels\raceEditor</Filter>
    </ClCompile>
    <ClCompile Include="levels\collisions\collisions.cpp">
      <Filter>src\levels\collisions</Filter>
    </ClCompile>
    <ClCompile Include="levels\race\race.cpp">
      <Filter>src\levels\race</Filter>
    </ClCompile>
    <ClCompile Include="levels\basic3D\basic3D.cpp">
      <Filter>src\levels\basic3D</Filter>
    </ClCompile>
    <ClCompile Include="components\audioListener.cpp">
      <Filter>src\components</Filter>
    </ClCompile>
    <ClCompile Include="tools\shapes2D.cpp">
      <Filter>src\tools</Filter>
    </ClCompile>
    <ClCompile Include="tools\shapes3D.cpp">
      <Filter>src\tools</Filter>
    </ClCompile>
    <ClCompile Include="tools\geometryHelpers.cpp">
      <Filter>src\tools</Filter>
    </ClCompile>
    <ClCompile Include="levels\firstPersonCamera\firstPersonCamera.cpp">
      <Filter>src\levels\firstPersonCamera</Filter>
    </ClCompile>
    <ClCompile Include="levels\crosses3D\crosses3D.cpp">
      <Filter>src\levels\crosses3D</Filter>
    </ClCompile>
    <ClCompile Include="levels\crosses3DTexturing\crosses3DTexturing.cpp">
      <Filter>src\levels\crosses3DTexturing</Filter>
    </ClCompile>
    <ClCompile Include="levels\crosses3DInstancing\crosses3DInstancing.cpp">
      <Filter>src\levels\crosses3DInstancing</Filter>
    </ClCompile>
    <ClCompile Include="commonTypes\componentMappers.cpp">
      <Filter>src\commonTypes</Filter>
    </ClCompile>
    <ClCompile Include="components\details\textureData.hpp">
      <Filter>src\components\details</Filter>
    </ClCompile>
    <ClCompile Include="levels\paint\paint.cpp">
      <Filter>src\levels\paint</Filter>
    </ClCompile>
  </ItemGroup>
  <ItemGroup>
    <ClInclude Include="components\mvp.hpp">
      <Filter>src\components</Filter>
    </ClInclude>
    <ClInclude Include="components\screenInfo.hpp">
      <Filter>src\components</Filter>
    </ClInclude>
    <ClInclude Include="components\physics.hpp">
      <Filter>src\components</Filter>
    </ClInclude>
    <ClInclude Include="systems\physics.hpp">
      <Filter>src\systems</Filter>
    </ClInclude>
    <ClInclude Include="tools\utility.hpp">
      <Filter>src\tools</Filter>
    </ClInclude>
    <ClInclude Include="tools\b2Helpers.hpp">
      <Filter>src\tools</Filter>
    </ClInclude>
    <ClInclude Include="components\grapple.hpp">
      <Filter>src\components</Filter>
    </ClInclude>
    <ClInclude Include="systems\camera.hpp">
      <Filter>src\systems</Filter>
    </ClInclude>
    <ClInclude Include="systems\textures.hpp">
      <Filter>src\systems</Filter>
    </ClInclude>
    <ClInclude Include="3rdParty\stb_image\stb_image.h">
      <Filter>src\3rdParty\stb_image</Filter>
    </ClInclude>
    <ClInclude Include="ogl\oglProxy.hpp">
      <Filter>src\ogl</Filter>
    </ClInclude>
    <ClInclude Include="ogl\shaders.hpp">
      <Filter>src\ogl</Filter>
    </ClInclude>
    <ClInclude Include="ogl\renderingHelpers.hpp">
      <Filter>src\ogl</Filter>
    </ClInclude>
    <ClInclude Include="components\decoration.hpp">
      <Filter>src\components</Filter>
    </ClInclude>
    <ClInclude Include="systems\decorations.hpp">
      <Filter>src\systems</Filter>
    </ClInclude>
    <ClInclude Include="components\graphicsSettings.hpp">
      <Filter>src\components</Filter>
    </ClInclude>
    <ClInclude Include="levels\playground\playground.hpp">
      <Filter>src\levels\playground</Filter>
    </ClInclude>
    <ClInclude Include="levels\level.hpp">
      <Filter>src\levels</Filter>
    </ClInclude>
    <ClInclude Include="tools\glmHelpers.hpp">
      <Filter>src\tools</Filter>
    </ClInclude>
    <ClInclude Include="ogl\shaders\basic.hpp">
      <Filter>src\ogl\shaders\basic</Filter>
    </ClInclude>
    <ClInclude Include="ogl\shaders\julia.hpp">
      <Filter>src\ogl\shaders\julia</Filter>
    </ClInclude>
    <ClInclude Include="ogl\shaders\textured.hpp">
      <Filter>src\ogl\shaders\textured</Filter>
    </ClInclude>
    <ClInclude Include="levels\rocketball\rocketball.hpp">
      <Filter>src\levels\rocketball</Filter>
    </ClInclude>
    <ClInclude Include="systems\stateController.hpp">
      <Filter>src\systems</Filter>
    </ClInclude>
    <ClInclude Include="ogl\shaders\texturedColorThreshold.hpp">
      <Filter>src\ogl\shaders\texturedColorThreshold</Filter>
    </ClInclude>
    <ClInclude Include="ogl\oglHelpers.hpp">
      <Filter>src\ogl</Filter>
    </ClInclude>
    <ClInclude Include="tools\gameHelpers.hpp">
      <Filter>src\tools</Filter>
    </ClInclude>
    <ClInclude Include="systems\temporaries.hpp">
      <Filter>src\systems</Filter>
    </ClInclude>
    <ClInclude Include="components\missile.hpp">
      <Filter>src\components</Filter>
    </ClInclude>
    <ClInclude Include="systems\cleaner.hpp">
      <Filter>src\systems</Filter>
    </ClInclude>
    <ClInclude Include="ogl\shaders\programBase.hpp">
      <Filter>src\ogl\shaders</Filter>
    </ClInclude>
    <ClInclude Include="components\collisionHandler.hpp">
      <Filter>src\components</Filter>
    </ClInclude>
    <ClInclude Include="components\shockwave.hpp">
      <Filter>src\components</Filter>
    </ClInclude>
    <ClInclude Include="systems\deferredActions.hpp">
      <Filter>src\systems</Filter>
    </ClInclude>
    <ClInclude Include="ogl\shaders\particles.hpp">
      <Filter>src\ogl\shaders\particles</Filter>
    </ClInclude>
    <ClInclude Include="commonTypes\resolutionMode.hpp">
      <Filter>src\commonTypes</Filter>
    </ClInclude>
    <ClInclude Include="systems\renderingController.hpp">
      <Filter>src\systems</Filter>
    </ClInclude>
    <ClInclude Include="components\framebuffers.hpp">
      <Filter>src\components</Filter>
    </ClInclude>
    <ClInclude Include="components\functor.hpp">
      <Filter>src\components</Filter>
    </ClInclude>
    <ClInclude Include="components\mainFramebufferRenderer.hpp">
      <Filter>src\components</Filter>
    </ClInclude>
    <ClInclude Include="components\texture.hpp">
      <Filter>src\components</Filter>
    </ClInclude>
    <ClInclude Include="components\blendingTexture.hpp">
      <Filter>src\components</Filter>
    </ClInclude>
    <ClInclude Include="components\renderingSetup.hpp">
      <Filter>src\components</Filter>
    </ClInclude>
    <ClInclude Include="globals\components.hpp">
      <Filter>src\globals</Filter>
    </ClInclude>
    <ClInclude Include="globals\shaders.hpp">
      <Filter>src\globals</Filter>
    </ClInclude>
    <ClInclude Include="globals\systems.hpp">
      <Filter>src\globals</Filter>
    </ClInclude>
    <ClInclude Include="commonTypes\bodyUserData.hpp">
      <Filter>src\commonTypes</Filter>
    </ClInclude>
    <ClInclude Include="commonTypes\idGenerator.hpp">
      <Filter>src\commonTypes</Filter>
    </ClInclude>
    <ClInclude Include="components\animatedTexture.hpp">
      <Filter>src\components</Filter>
    </ClInclude>
    <ClInclude Include="levels\gravity\gravity.hpp">
      <Filter>src\levels\gravity</Filter>
    </ClInclude>
    <ClInclude Include="ogl\buffers\genericBuffers.hpp">
      <Filter>src\ogl\buffers</Filter>
    </ClInclude>
    <ClInclude Include="systems\actors.hpp">
      <Filter>src\systems</Filter>
    </ClInclude>
    <ClInclude Include="components\plane.hpp">
      <Filter>src\components</Filter>
    </ClInclude>
    <ClInclude Include="components\deferredAction.hpp">
      <Filter>src\components</Filter>
    </ClInclude>
    <ClInclude Include="globals\collisionBits.hpp">
      <Filter>src\globals</Filter>
    </ClInclude>
    <ClInclude Include="systems\structures.hpp">
      <Filter>src\systems</Filter>
    </ClInclude>
    <ClInclude Include="ogl\uniforms.hpp">
      <Filter>src\ogl</Filter>
    </ClInclude>
    <ClInclude Include="commonTypes\renderLayer.hpp">
      <Filter>src\commonTypes</Filter>
    </ClInclude>
    <ClInclude Include="components\renderingBuffers.hpp">
      <Filter>src\components</Filter>
    </ClInclude>
    <ClInclude Include="commonTypes\buffersCollections.hpp">
      <Filter>src\commonTypes</Filter>
    </ClInclude>
    <ClInclude Include="levels\basic\basic.hpp">
      <Filter>src\levels\basic</Filter>
    </ClInclude>
    <ClInclude Include="components\_componentBase.hpp">
      <Filter>src\components</Filter>
    </ClInclude>
    <ClInclude Include="components\_renderable.hpp">
      <Filter>src\components</Filter>
    </ClInclude>
    <ClInclude Include="tools\buffersHelpers.hpp">
      <Filter>src\tools</Filter>
    </ClInclude>
    <ClInclude Include="levels\dzidzia\dzidzia.hpp">
      <Filter>src\levels\dzidzia</Filter>
    </ClInclude>
    <ClInclude Include="levels\rim\rim.hpp">
      <Filter>src\levels\rim</Filter>
    </ClInclude>
    <ClInclude Include="components\_physical.hpp">
      <Filter>src\components</Filter>
    </ClInclude>
    <ClInclude Include="components\gamepad.hpp">
      <Filter>src\components</Filter>
    </ClInclude>
    <ClInclude Include="components\keyboard.hpp">
      <Filter>src\components</Filter>
    </ClInclude>
    <ClInclude Include="components\mouse.hpp">
      <Filter>src\components</Filter>
    </ClInclude>
    <ClInclude Include="levels\dzidzia2\dzidzia2.hpp">
      <Filter>src\levels\dzidzia2</Filter>
    </ClInclude>
    <ClInclude Include="levels\fpsScalingProblems\fpsScalingProblems.hpp">
      <Filter>src\levels\fpsScalingProblems</Filter>
    </ClInclude>
    <ClInclude Include="components\collisionFilter.hpp">
      <Filter>src\components</Filter>
    </ClInclude>
    <ClInclude Include="levels\windmill\windmill.hpp">
      <Filter>src\levels\windmill</Filter>
    </ClInclude>
    <ClInclude Include="components\_renderableDef.hpp">
      <Filter>src\components</Filter>
    </ClInclude>
    <ClInclude Include="commonTypes\componentsContainers.hpp">
      <Filter>src\commonTypes</Filter>
    </ClInclude>
    <ClInclude Include="globals\componentIdGenerator.hpp">
      <Filter>src\globals</Filter>
    </ClInclude>
    <ClInclude Include="commonTypes\componentId.hpp">
      <Filter>src\commonTypes</Filter>
    </ClInclude>
    <ClInclude Include="components\music.hpp">
      <Filter>src\components</Filter>
    </ClInclude>
    <ClInclude Include="components\sound.hpp">
      <Filter>src\components</Filter>
    </ClInclude>
    <ClInclude Include="components\soundBuffer.hpp">
      <Filter>src\components</Filter>
    </ClInclude>
    <ClInclude Include="systems\audio.hpp">
      <Filter>src\systems</Filter>
    </ClInclude>
    <ClInclude Include="tools\missilesHandler.hpp">
      <Filter>src\tools</Filter>
    </ClInclude>
    <ClInclude Include="tools\playersHandler.hpp">
      <Filter>src\tools</Filter>
    </ClInclude>
    <ClInclude Include="levels\squareRace\squareRace.hpp">
      <Filter>src\levels\squareRace</Filter>
    </ClInclude>
    <ClInclude Include="tools\splines.hpp">
      <Filter>src\tools</Filter>
    </ClInclude>
    <ClInclude Include="levels\splineTest\splineTest.hpp">
      <Filter>src\levels\splineTest</Filter>
    </ClInclude>
    <ClInclude Include="levels\raceEditor\raceEditor.hpp">
      <Filter>src\levels\raceEditor</Filter>
    </ClInclude>
    <ClInclude Include="levels\raceEditor\splinesEditing.hpp">
      <Filter>src\levels\raceEditor</Filter>
    </ClInclude>
    <ClInclude Include="levels\raceEditor\common.hpp">
      <Filter>src\levels\raceEditor</Filter>
    </ClInclude>
    <ClInclude Include="levels\raceEditor\startingLineEditing.hpp">
      <Filter>src\levels\raceEditor</Filter>
    </ClInclude>
    <ClInclude Include="components\wall.hpp">
      <Filter>src\components</Filter>
    </ClInclude>
    <ClInclude Include="components\polyline.hpp">
      <Filter>src\components</Filter>
    </ClInclude>
    <ClInclude Include="levels\collisions\collisions.hpp">
      <Filter>src\levels\collisions</Filter>
    </ClInclude>
    <ClInclude Include="levels\race\generatedCode.hpp">
      <Filter>src\levels\race</Filter>
    </ClInclude>
    <ClInclude Include="levels\race\race.hpp">
      <Filter>src\levels\race</Filter>
    </ClInclude>
    <ClInclude Include="ogl\shaders\texturedPhong.hpp">
      <Filter>src\ogl\shaders\texturedPhong</Filter>
    </ClInclude>
    <ClInclude Include="ogl\shaders\basicPhong.hpp">
      <Filter>src\ogl\shaders\basicPhong</Filter>
    </ClInclude>
    <ClInclude Include="levels\basic3D\basic3D.hpp">
      <Filter>src\levels\basic3D</Filter>
    </ClInclude>
    <ClInclude Include="components\camera3D.hpp">
      <Filter>src\components</Filter>
    </ClInclude>
    <ClInclude Include="components\audioListener.hpp">
      <Filter>src\components</Filter>
    </ClInclude>
    <ClInclude Include="tools\shapes2D.hpp">
      <Filter>src\tools</Filter>
    </ClInclude>
    <ClInclude Include="tools\shapes3D.hpp">
      <Filter>src\tools</Filter>
    </ClInclude>
    <ClInclude Include="tools\geometryHelpers.hpp">
      <Filter>src\tools</Filter>
    </ClInclude>
    <ClInclude Include="components\camera2D.hpp">
      <Filter>src\components</Filter>
    </ClInclude>
    <ClInclude Include="components\light2D.hpp">
      <Filter>src\components</Filter>
    </ClInclude>
    <ClInclude Include="components\light3D.hpp">
      <Filter>src\components</Filter>
    </ClInclude>
    <ClInclude Include="levels\firstPersonCamera\firstPersonCamera.hpp">
      <Filter>src\levels\firstPersonCamera</Filter>
    </ClInclude>
    <ClInclude Include="levels\crosses3D\crosses3D.hpp">
      <Filter>src\levels\crosses3D</Filter>
    </ClInclude>
    <ClInclude Include="levels\crosses3DTexturing\crosses3DTexturing.hpp">
      <Filter>src\levels\crosses3DTexturing</Filter>
    </ClInclude>
    <ClInclude Include="levels\crosses3DInstancing\crosses3DInstancing.hpp">
      <Filter>src\levels\crosses3DInstancing</Filter>
    </ClInclude>
    <ClInclude Include="commonTypes\componentMappers.hpp">
      <Filter>src\commonTypes</Filter>
    </ClInclude>
    <ClInclude Include="tools\colorBufferEditor.hpp">
      <Filter>src\tools</Filter>
    </ClInclude>
    <ClInclude Include="levels\paint\paint.hpp">
      <Filter>src\levels\paint</Filter>
    </ClInclude>
  </ItemGroup>
  <ItemGroup>
    <None Include="ogl\shaders\basic.fs">
      <Filter>src\ogl\shaders\basic</Filter>
    </None>
    <None Include="ogl\shaders\basic.vs">
      <Filter>src\ogl\shaders\basic</Filter>
    </None>
    <None Include="ogl\shaders\julia.fs">
      <Filter>src\ogl\shaders\julia</Filter>
    </None>
    <None Include="ogl\shaders\julia.vs">
      <Filter>src\ogl\shaders\julia</Filter>
    </None>
    <None Include="ogl\shaders\textured.vs">
      <Filter>src\ogl\shaders\textured</Filter>
    </None>
    <None Include="ogl\shaders\textured.fs">
      <Filter>src\ogl\shaders\textured</Filter>
    </None>
    <None Include="ogl\shaders\texturedColorThreshold.fs">
      <Filter>src\ogl\shaders\texturedColorThreshold</Filter>
    </None>
    <None Include="ogl\shaders\texturedColorThreshold.vs">
      <Filter>src\ogl\shaders\texturedColorThreshold</Filter>
    </None>
    <None Include="ogl\shaders\particles.fs">
      <Filter>src\ogl\shaders\particles</Filter>
    </None>
    <None Include="ogl\shaders\particles.gs">
      <Filter>src\ogl\shaders\particles</Filter>
    </None>
    <None Include="ogl\shaders\particles.vs">
      <Filter>src\ogl\shaders\particles</Filter>
    </None>
    <None Include="ogl\shaders\texturedPhong.fs">
      <Filter>src\ogl\shaders\texturedPhong</Filter>
    </None>
    <None Include="ogl\shaders\texturedPhong.vs">
      <Filter>src\ogl\shaders\texturedPhong</Filter>
    </None>
    <None Include="ogl\shaders\basicPhong.fs">
      <Filter>src\ogl\shaders\basicPhong</Filter>
    </None>
    <None Include="ogl\shaders\basicPhong.vs">
      <Filter>src\ogl\shaders\basicPhong</Filter>
    </None>
  </ItemGroup>
</Project>