<?xml version="1.0" encoding="utf-8"?>
<Project ToolsVersion="4.0" xmlns="http://schemas.microsoft.com/developer/msbuild/2003">
  <ItemGroup>
    <Filter Include="src">
      <UniqueIdentifier>{4FC737F1-C7A5-4376-A066-2A32D752A2FF}</UniqueIdentifier>
      <Extensions>cpp;c;cc;cxx;def;odl;idl;hpj;bat;asm;asmx</Extensions>
    </Filter>
    <Filter Include="src\components">
      <UniqueIdentifier>{c7a6e6d3-fb44-42d3-b461-9bf81521a6c5}</UniqueIdentifier>
    </Filter>
    <Filter Include="src\systems">
      <UniqueIdentifier>{83222453-6afd-4810-a186-56bb3c3082a8}</UniqueIdentifier>
    </Filter>
    <Filter Include="src\tools">
      <UniqueIdentifier>{bcc7b15d-f579-4bbd-966d-93ce50f1465f}</UniqueIdentifier>
    </Filter>
    <Filter Include="src\3rdParty">
      <UniqueIdentifier>{63ecb792-ef4d-45b7-b7b5-13c48be85436}</UniqueIdentifier>
    </Filter>
    <Filter Include="src\3rdParty\stb_image">
      <UniqueIdentifier>{9f611d57-c33e-4f67-883d-f126627eafa6}</UniqueIdentifier>
    </Filter>
    <Filter Include="src\ogl">
      <UniqueIdentifier>{0c6e7bbe-52e5-431e-aa9f-d82767a35b7b}</UniqueIdentifier>
    </Filter>
    <Filter Include="src\levels">
      <UniqueIdentifier>{ef61fe63-b136-419d-81a8-fb83a1b8420d}</UniqueIdentifier>
    </Filter>
    <Filter Include="src\levels\playground">
      <UniqueIdentifier>{829484f9-8e80-4125-8d94-7ce5ccd78b47}</UniqueIdentifier>
    </Filter>
    <Filter Include="src\ogl\buffers">
      <UniqueIdentifier>{7278c980-8a19-4601-a473-b23ac7952f20}</UniqueIdentifier>
    </Filter>
    <Filter Include="src\ogl\shaders">
      <UniqueIdentifier>{30f22744-b0df-4d96-a79d-41648fcbe4bc}</UniqueIdentifier>
    </Filter>
    <Filter Include="src\ogl\shaders\basic">
      <UniqueIdentifier>{326dee5c-236d-4bf2-972c-294c63459962}</UniqueIdentifier>
    </Filter>
    <Filter Include="src\ogl\shaders\julia">
      <UniqueIdentifier>{fc5a1d40-ed16-4d60-9c7f-6bac933fc7a9}</UniqueIdentifier>
    </Filter>
    <Filter Include="src\ogl\shaders\textured">
      <UniqueIdentifier>{a3c981c3-58ac-421a-b5d2-bc857b2d4e78}</UniqueIdentifier>
    </Filter>
    <Filter Include="src\levels\rocketball">
      <UniqueIdentifier>{5cbff223-d591-4e6d-ba63-b063038b4334}</UniqueIdentifier>
    </Filter>
    <Filter Include="src\ogl\shaders\texturedColorThreshold">
      <UniqueIdentifier>{ecbef966-6056-48cd-aef7-d6cc39c9cc82}</UniqueIdentifier>
    </Filter>
    <Filter Include="src\ogl\shaders\particles">
      <UniqueIdentifier>{92adb1c3-7dba-4c44-81d7-e0c84a0acc32}</UniqueIdentifier>
    </Filter>
    <Filter Include="src\commonTypes">
      <UniqueIdentifier>{63186fb2-8de8-482a-a71f-800c739e5cc1}</UniqueIdentifier>
    </Filter>
    <Filter Include="src\globals">
      <UniqueIdentifier>{559bc9f3-4bd9-4a0f-a00f-82fcce3231b4}</UniqueIdentifier>
    </Filter>
    <Filter Include="src\levels\gravity">
      <UniqueIdentifier>{5a636ec7-4eb2-4591-9087-b0b38b96553c}</UniqueIdentifier>
    </Filter>
    <Filter Include="src\levels\basic">
      <UniqueIdentifier>{8009aed5-acbe-41b8-a962-b8a0aab9702f}</UniqueIdentifier>
    </Filter>
  </ItemGroup>
  <ItemGroup>
    <ClCompile Include="main.cpp">
      <Filter>src</Filter>
    </ClCompile>
    <ClCompile Include="systems\physics.cpp">
      <Filter>src\systems</Filter>
    </ClCompile>
    <ClCompile Include="tools\utility.cpp">
      <Filter>src\tools</Filter>
    </ClCompile>
    <ClCompile Include="tools\b2Helpers.cpp">
      <Filter>src\tools</Filter>
    </ClCompile>
    <ClCompile Include="tools\graphicsHelpers.cpp">
      <Filter>src\tools</Filter>
    </ClCompile>
    <ClCompile Include="systems\camera.cpp">
      <Filter>src\systems</Filter>
    </ClCompile>
    <ClCompile Include="systems\textures.cpp">
      <Filter>src\systems</Filter>
    </ClCompile>
    <ClCompile Include="3rdParty\stb_image\stb_image.cpp">
      <Filter>src\3rdParty\stb_image</Filter>
    </ClCompile>
    <ClCompile Include="ogl\oglProxy.cpp">
      <Filter>src\ogl</Filter>
    </ClCompile>
    <ClCompile Include="ogl\shaders.cpp">
      <Filter>src\ogl</Filter>
    </ClCompile>
    <ClCompile Include="systems\decorations.cpp">
      <Filter>src\systems</Filter>
    </ClCompile>
    <ClCompile Include="levels\playground\playground.cpp">
      <Filter>src\levels\playground</Filter>
    </ClCompile>
    <ClCompile Include="levels\level.cpp">
      <Filter>src\levels</Filter>
    </ClCompile>
    <ClCompile Include="levels\rocketball\rocketball.cpp">
      <Filter>src\levels\rocketball</Filter>
    </ClCompile>
    <ClCompile Include="systems\stateController.cpp">
      <Filter>src\systems</Filter>
    </ClCompile>
    <ClCompile Include="ogl\oglHelpers.cpp">
      <Filter>src\ogl</Filter>
    </ClCompile>
    <ClCompile Include="tools\gameHelpers.cpp">
      <Filter>src\tools</Filter>
    </ClCompile>
    <ClCompile Include="systems\temporaries.cpp">
      <Filter>src\systems</Filter>
    </ClCompile>
    <ClCompile Include="systems\cleaner.cpp">
      <Filter>src\systems</Filter>
    </ClCompile>
    <ClCompile Include="systems\deferredActions.cpp">
      <Filter>src\systems</Filter>
    </ClCompile>
    <ClCompile Include="commonTypes\resolutionMode.cpp">
      <Filter>src\commonTypes</Filter>
    </ClCompile>
    <ClCompile Include="systems\renderingController.cpp">
      <Filter>src\systems</Filter>
    </ClCompile>
    <ClCompile Include="globals\components.cpp">
      <Filter>src\globals</Filter>
    </ClCompile>
    <ClCompile Include="globals\shaders.cpp">
      <Filter>src\globals</Filter>
    </ClCompile>
    <ClCompile Include="globals\systems.cpp">
      <Filter>src\globals</Filter>
    </ClCompile>
    <ClCompile Include="components\animatedTexture.cpp">
      <Filter>src\components</Filter>
    </ClCompile>
    <ClCompile Include="levels\gravity\gravity.cpp">
      <Filter>src\levels\gravity</Filter>
    </ClCompile>
    <ClCompile Include="ogl\buffers\genericBuffers.cpp">
      <Filter>src\ogl\buffers</Filter>
    </ClCompile>
    <ClCompile Include="systems\actors.cpp">
      <Filter>src\systems</Filter>
    </ClCompile>
    <ClCompile Include="systems\structures.cpp">
      <Filter>src\systems</Filter>
    </ClCompile>
    <ClCompile Include="ogl\uniforms.cpp">
      <Filter>src\ogl</Filter>
    </ClCompile>
    <ClCompile Include="levels\basic\basic.cpp">
      <Filter>src\levels\basic</Filter>
    </ClCompile>
  </ItemGroup>
  <ItemGroup>
    <ClInclude Include="components\mouseState.hpp">
      <Filter>src\components</Filter>
    </ClInclude>
    <ClInclude Include="components\mvp.hpp">
      <Filter>src\components</Filter>
    </ClInclude>
    <ClInclude Include="components\screenInfo.hpp">
      <Filter>src\components</Filter>
    </ClInclude>
    <ClInclude Include="components\physics.hpp">
      <Filter>src\components</Filter>
    </ClInclude>
    <ClInclude Include="systems\physics.hpp">
      <Filter>src\systems</Filter>
    </ClInclude>
    <ClInclude Include="components\wall.hpp">
      <Filter>src\components</Filter>
    </ClInclude>
    <ClInclude Include="tools\utility.hpp">
      <Filter>src\tools</Filter>
    </ClInclude>
    <ClInclude Include="tools\b2Helpers.hpp">
      <Filter>src\tools</Filter>
    </ClInclude>
    <ClInclude Include="components\grapple.hpp">
      <Filter>src\components</Filter>
    </ClInclude>
    <ClInclude Include="tools\graphicsHelpers.hpp">
      <Filter>src\tools</Filter>
    </ClInclude>
    <ClInclude Include="systems\camera.hpp">
      <Filter>src\systems</Filter>
    </ClInclude>
    <ClInclude Include="components\camera.hpp">
      <Filter>src\components</Filter>
    </ClInclude>
    <ClInclude Include="systems\textures.hpp">
      <Filter>src\systems</Filter>
    </ClInclude>
    <ClInclude Include="3rdParty\stb_image\stb_image.h">
      <Filter>src\3rdParty\stb_image</Filter>
    </ClInclude>
    <ClInclude Include="ogl\oglProxy.hpp">
      <Filter>src\ogl</Filter>
    </ClInclude>
    <ClInclude Include="ogl\shaders.hpp">
      <Filter>src\ogl</Filter>
    </ClInclude>
    <ClInclude Include="ogl\buffersHelpers.hpp">
      <Filter>src\ogl</Filter>
    </ClInclude>
    <ClInclude Include="ogl\renderingHelpers.hpp">
      <Filter>src\ogl</Filter>
    </ClInclude>
    <ClInclude Include="components\decoration.hpp">
      <Filter>src\components</Filter>
    </ClInclude>
    <ClInclude Include="systems\decorations.hpp">
      <Filter>src\systems</Filter>
    </ClInclude>
    <ClInclude Include="components\graphicsSettings.hpp">
      <Filter>src\components</Filter>
    </ClInclude>
    <ClInclude Include="levels\playground\playground.hpp">
      <Filter>src\levels\playground</Filter>
    </ClInclude>
    <ClInclude Include="levels\level.hpp">
      <Filter>src\levels</Filter>
    </ClInclude>
    <ClInclude Include="tools\glmHelpers.hpp">
      <Filter>src\tools</Filter>
    </ClInclude>
    <ClInclude Include="ogl\shaders\basic.hpp">
      <Filter>src\ogl\shaders\basic</Filter>
    </ClInclude>
    <ClInclude Include="ogl\shaders\julia.hpp">
      <Filter>src\ogl\shaders\julia</Filter>
    </ClInclude>
    <ClInclude Include="ogl\shaders\textured.hpp">
      <Filter>src\ogl\shaders\textured</Filter>
    </ClInclude>
    <ClInclude Include="levels\rocketball\rocketball.hpp">
      <Filter>src\levels\rocketball</Filter>
    </ClInclude>
    <ClInclude Include="systems\stateController.hpp">
      <Filter>src\systems</Filter>
    </ClInclude>
    <ClInclude Include="ogl\shaders\texturedColorThreshold.hpp">
      <Filter>src\ogl\shaders\texturedColorThreshold</Filter>
    </ClInclude>
    <ClInclude Include="ogl\oglHelpers.hpp">
      <Filter>src\ogl</Filter>
    </ClInclude>
    <ClInclude Include="tools\gameHelpers.hpp">
      <Filter>src\tools</Filter>
    </ClInclude>
    <ClInclude Include="systems\temporaries.hpp">
      <Filter>src\systems</Filter>
    </ClInclude>
    <ClInclude Include="components\missile.hpp">
      <Filter>src\components</Filter>
    </ClInclude>
    <ClInclude Include="systems\cleaner.hpp">
      <Filter>src\systems</Filter>
    </ClInclude>
    <ClInclude Include="ogl\shaders\programBase.hpp">
      <Filter>src\ogl\shaders</Filter>
    </ClInclude>
    <ClInclude Include="components\collisionHandler.hpp">
      <Filter>src\components</Filter>
    </ClInclude>
    <ClInclude Include="components\shockwave.hpp">
      <Filter>src\components</Filter>
    </ClInclude>
    <ClInclude Include="systems\deferredActions.hpp">
      <Filter>src\systems</Filter>
    </ClInclude>
    <ClInclude Include="components\light.hpp">
      <Filter>src\components</Filter>
    </ClInclude>
    <ClInclude Include="ogl\shaders\particles.hpp">
      <Filter>src\ogl\shaders\particles</Filter>
    </ClInclude>
    <ClInclude Include="commonTypes\resolutionMode.hpp">
      <Filter>src\commonTypes</Filter>
    </ClInclude>
    <ClInclude Include="systems\renderingController.hpp">
      <Filter>src\systems</Filter>
    </ClInclude>
    <ClInclude Include="components\framebuffers.hpp">
      <Filter>src\components</Filter>
    </ClInclude>
    <ClInclude Include="components\functor.hpp">
      <Filter>src\components</Filter>
    </ClInclude>
    <ClInclude Include="components\mainFramebufferRenderer.hpp">
      <Filter>src\components</Filter>
    </ClInclude>
    <ClInclude Include="components\texture.hpp">
      <Filter>src\components</Filter>
    </ClInclude>
    <ClInclude Include="components\blendingTexture.hpp">
      <Filter>src\components</Filter>
    </ClInclude>
    <ClInclude Include="components\renderingSetup.hpp">
      <Filter>src\components</Filter>
    </ClInclude>
    <ClInclude Include="globals\components.hpp">
      <Filter>src\globals</Filter>
    </ClInclude>
    <ClInclude Include="globals\shaders.hpp">
      <Filter>src\globals</Filter>
    </ClInclude>
    <ClInclude Include="globals\systems.hpp">
      <Filter>src\globals</Filter>
    </ClInclude>
    <ClInclude Include="commonTypes\bodyUserData.hpp">
      <Filter>src\commonTypes</Filter>
    </ClInclude>
    <ClInclude Include="commonTypes\idGenerator.hpp">
      <Filter>src\commonTypes</Filter>
    </ClInclude>
    <ClInclude Include="components\animatedTexture.hpp">
      <Filter>src\components</Filter>
    </ClInclude>
    <ClInclude Include="levels\gravity\gravity.hpp">
      <Filter>src\levels\gravity</Filter>
    </ClInclude>
    <ClInclude Include="ogl\buffers\genericBuffers.hpp">
      <Filter>src\ogl\buffers</Filter>
    </ClInclude>
    <ClInclude Include="systems\actors.hpp">
      <Filter>src\systems</Filter>
    </ClInclude>
    <ClInclude Include="components\plane.hpp">
      <Filter>src\components</Filter>
    </ClInclude>
    <ClInclude Include="components\deferredAction.hpp">
      <Filter>src\components</Filter>
    </ClInclude>
    <ClInclude Include="globals\collisionBits.hpp">
      <Filter>src\globals</Filter>
    </ClInclude>
    <ClInclude Include="systems\structures.hpp">
      <Filter>src\systems</Filter>
    </ClInclude>
    <ClInclude Include="ogl\uniforms.hpp">
      <Filter>src\ogl</Filter>
    </ClInclude>
    <ClInclude Include="commonTypes\renderLayer.hpp">
      <Filter>src\commonTypes</Filter>
    </ClInclude>
    <ClInclude Include="components\renderingBuffers.hpp">
      <Filter>src\components</Filter>
    </ClInclude>
    <ClInclude Include="commonTypes\buffersCollections.hpp">
      <Filter>src\commonTypes</Filter>
    </ClInclude>
    <ClInclude Include="levels\basic\basic.hpp">
      <Filter>src\levels\basic</Filter>
    </ClInclude>
    <ClInclude Include="components\_componentBase.hpp">
      <Filter>src\components</Filter>
    </ClInclude>
    <ClInclude Include="components\_componentId.hpp">
      <Filter>src\components</Filter>
    </ClInclude>
    <ClInclude Include="components\_typeComponentMappers.hpp">
      <Filter>src\components</Filter>
    </ClInclude>
  </ItemGroup>
  <ItemGroup>
    <None Include="ogl\shaders\basic.fs">
      <Filter>src\ogl\shaders\basic</Filter>
    </None>
    <None Include="ogl\shaders\basic.vs">
      <Filter>src\ogl\shaders\basic</Filter>
    </None>
    <None Include="ogl\shaders\julia.fs">
      <Filter>src\ogl\shaders\julia</Filter>
    </None>
    <None Include="ogl\shaders\julia.vs">
      <Filter>src\ogl\shaders\julia</Filter>
    </None>
    <None Include="ogl\shaders\textured.vs">
      <Filter>src\ogl\shaders\textured</Filter>
    </None>
    <None Include="ogl\shaders\textured.fs">
      <Filter>src\ogl\shaders\textured</Filter>
    </None>
    <None Include="ogl\shaders\texturedColorThreshold.fs">
      <Filter>src\ogl\shaders\texturedColorThreshold</Filter>
    </None>
    <None Include="ogl\shaders\texturedColorThreshold.vs">
      <Filter>src\ogl\shaders\texturedColorThreshold</Filter>
    </None>
    <None Include="ogl\shaders\particles.fs">
      <Filter>src\ogl\shaders\particles</Filter>
    </None>
    <None Include="ogl\shaders\particles.gs">
      <Filter>src\ogl\shaders\particles</Filter>
    </None>
    <None Include="ogl\shaders\particles.vs">
      <Filter>src\ogl\shaders\particles</Filter>
    </None>
  </ItemGroup>
</Project>