<?xml version="1.0" encoding="utf-8"?>
<Project ToolsVersion="4.0" xmlns="http://schemas.microsoft.com/developer/msbuild/2003">
  <ItemGroup>
    <Filter Include="src">
      <UniqueIdentifier>{81ead088-b7a7-45b3-8bc3-1a4ea443a9c2}</UniqueIdentifier>
    </Filter>
  </ItemGroup>
  <ItemGroup>
    <ClCompile Include="..\..\..\libraries\box2d-2.4.1\src\dynamics\b2_polygon_circle_contact.cpp">
      <Filter>src</Filter>
    </ClCompile>
    <ClCompile Include="..\..\..\libraries\box2d-2.4.1\src\dynamics\b2_mouse_joint.cpp">
      <Filter>src</Filter>
    </ClCompile>
    <ClCompile Include="..\..\..\libraries\box2d-2.4.1\src\dynamics\b2_motor_joint.cpp">
      <Filter>src</Filter>
    </ClCompile>
    <ClCompile Include="..\..\..\libraries\box2d-2.4.1\src\dynamics\b2_joint.cpp">
      <Filter>src</Filter>
    </ClCompile>
    <ClCompile Include="..\..\..\libraries\box2d-2.4.1\src\dynamics\b2_island.cpp">
      <Filter>src</Filter>
    </ClCompile>
    <ClCompile Include="..\..\..\libraries\box2d-2.4.1\src\dynamics\b2_gear_joint.cpp">
      <Filter>src</Filter>
    </ClCompile>
    <ClCompile Include="..\..\..\libraries\box2d-2.4.1\src\dynamics\b2_friction_joint.cpp">
      <Filter>src</Filter>
    </ClCompile>
    <ClCompile Include="..\..\..\libraries\box2d-2.4.1\src\dynamics\b2_fixture.cpp">
      <Filter>src</Filter>
    </ClCompile>
    <ClCompile Include="..\..\..\libraries\box2d-2.4.1\src\dynamics\b2_edge_polygon_contact.cpp">
      <Filter>src</Filter>
    </ClCompile>
    <ClCompile Include="..\..\..\libraries\box2d-2.4.1\src\dynamics\b2_edge_circle_contact.cpp">
      <Filter>src</Filter>
    </ClCompile>
    <ClCompile Include="..\..\..\libraries\box2d-2.4.1\src\dynamics\b2_distance_joint.cpp">
      <Filter>src</Filter>
    </ClCompile>
    <ClCompile Include="..\..\..\libraries\box2d-2.4.1\src\dynamics\b2_contact_solver.cpp">
      <Filter>src</Filter>
    </ClCompile>
    <ClCompile Include="..\..\..\libraries\box2d-2.4.1\src\dynamics\b2_contact_manager.cpp">
      <Filter>src</Filter>
    </ClCompile>
    <ClCompile Include="..\..\..\libraries\box2d-2.4.1\src\dynamics\b2_contact.cpp">
      <Filter>src</Filter>
    </ClCompile>
    <ClCompile Include="..\..\..\libraries\box2d-2.4.1\src\dynamics\b2_circle_contact.cpp">
      <Filter>src</Filter>
    </ClCompile>
    <ClCompile Include="..\..\..\libraries\box2d-2.4.1\src\dynamics\b2_chain_polygon_contact.cpp">
      <Filter>src</Filter>
    </ClCompile>
    <ClCompile Include="..\..\..\libraries\box2d-2.4.1\src\dynamics\b2_chain_circle_contact.cpp">
      <Filter>src</Filter>
    </ClCompile>
    <ClCompile Include="..\..\..\libraries\box2d-2.4.1\src\dynamics\b2_body.cpp">
      <Filter>src</Filter>
    </ClCompile>
    <ClCompile Include="..\..\..\libraries\box2d-2.4.1\src\common\b2_timer.cpp">
      <Filter>src</Filter>
    </ClCompile>
    <ClCompile Include="..\..\..\libraries\box2d-2.4.1\src\common\b2_stack_allocator.cpp">
      <Filter>src</Filter>
    </ClCompile>
    <ClCompile Include="..\..\..\libraries\box2d-2.4.1\src\common\b2_settings.cpp">
      <Filter>src</Filter>
    </ClCompile>
    <ClCompile Include="..\..\..\libraries\box2d-2.4.1\src\common\b2_math.cpp">
      <Filter>src</Filter>
    </ClCompile>
    <ClCompile Include="..\..\..\libraries\box2d-2.4.1\src\common\b2_draw.cpp">
      <Filter>src</Filter>
    </ClCompile>
    <ClCompile Include="..\..\..\libraries\box2d-2.4.1\src\common\b2_block_allocator.cpp">
      <Filter>src</Filter>
    </ClCompile>
    <ClCompile Include="..\..\..\libraries\box2d-2.4.1\src\collision\b2_time_of_impact.cpp">
      <Filter>src</Filter>
    </ClCompile>
    <ClCompile Include="..\..\..\libraries\box2d-2.4.1\src\collision\b2_polygon_shape.cpp">
      <Filter>src</Filter>
    </ClCompile>
    <ClCompile Include="..\..\..\libraries\box2d-2.4.1\src\collision\b2_edge_shape.cpp">
      <Filter>src</Filter>
    </ClCompile>
    <ClCompile Include="..\..\..\libraries\box2d-2.4.1\src\collision\b2_dynamic_tree.cpp">
      <Filter>src</Filter>
    </ClCompile>
    <ClCompile Include="..\..\..\libraries\box2d-2.4.1\src\collision\b2_distance.cpp">
      <Filter>src</Filter>
    </ClCompile>
    <ClCompile Include="..\..\..\libraries\box2d-2.4.1\src\collision\b2_collision.cpp">
      <Filter>src</Filter>
    </ClCompile>
    <ClCompile Include="..\..\..\libraries\box2d-2.4.1\src\collision\b2_collide_polygon.cpp">
      <Filter>src</Filter>
    </ClCompile>
    <ClCompile Include="..\..\..\libraries\box2d-2.4.1\src\collision\b2_collide_edge.cpp">
      <Filter>src</Filter>
    </ClCompile>
    <ClCompile Include="..\..\..\libraries\box2d-2.4.1\src\collision\b2_collide_circle.cpp">
      <Filter>src</Filter>
    </ClCompile>
    <ClCompile Include="..\..\..\libraries\box2d-2.4.1\src\collision\b2_circle_shape.cpp">
      <Filter>src</Filter>
    </ClCompile>
    <ClCompile Include="..\..\..\libraries\box2d-2.4.1\src\collision\b2_chain_shape.cpp">
      <Filter>src</Filter>
    </ClCompile>
    <ClCompile Include="..\..\..\libraries\box2d-2.4.1\src\collision\b2_broad_phase.cpp">
      <Filter>src</Filter>
    </ClCompile>
    <ClCompile Include="..\..\..\libraries\box2d-2.4.1\src\rope\b2_rope.cpp">
      <Filter>src</Filter>
    </ClCompile>
    <ClCompile Include="..\..\..\libraries\box2d-2.4.1\src\dynamics\b2_world_callbacks.cpp">
      <Filter>src</Filter>
    </ClCompile>
    <ClCompile Include="..\..\..\libraries\box2d-2.4.1\src\dynamics\b2_world.cpp">
      <Filter>src</Filter>
    </ClCompile>
    <ClCompile Include="..\..\..\libraries\box2d-2.4.1\src\dynamics\b2_wheel_joint.cpp">
      <Filter>src</Filter>
    </ClCompile>
    <ClCompile Include="..\..\..\libraries\box2d-2.4.1\src\dynamics\b2_weld_joint.cpp">
      <Filter>src</Filter>
    </ClCompile>
    <ClCompile Include="..\..\..\libraries\box2d-2.4.1\src\dynamics\b2_revolute_joint.cpp">
      <Filter>src</Filter>
    </ClCompile>
    <ClCompile Include="..\..\..\libraries\box2d-2.4.1\src\dynamics\b2_pulley_joint.cpp">
      <Filter>src</Filter>
    </ClCompile>
    <ClCompile Include="..\..\..\libraries\box2d-2.4.1\src\dynamics\b2_prismatic_joint.cpp">
      <Filter>src</Filter>
    </ClCompile>
    <ClCompile Include="..\..\..\libraries\box2d-2.4.1\src\dynamics\b2_polygon_contact.cpp">
      <Filter>src</Filter>
    </ClCompile>
  </ItemGroup>
</Project>